// !$*UTF8*$!
{
	archiveVersion = 1;
	classes = {
	};
	objectVersion = 55;
	objects = {

/* Begin PBXBuildFile section */
		FAC8B90226FC962700F4590F /* AppDelegate.m in Sources */ = {isa = PBXBuildFile; fileRef = FAC8B90126FC962700F4590F /* AppDelegate.m */; };
		FAC8B90526FC962700F4590F /* SceneDelegate.m in Sources */ = {isa = PBXBuildFile; fileRef = FAC8B90426FC962700F4590F /* SceneDelegate.m */; };
		FAC8B90826FC962700F4590F /* ViewController.m in Sources */ = {isa = PBXBuildFile; fileRef = FAC8B90726FC962700F4590F /* ViewController.m */; };
		FAC8B90B26FC962700F4590F /* Main.storyboard in Resources */ = {isa = PBXBuildFile; fileRef = FAC8B90926FC962700F4590F /* Main.storyboard */; };
		FAC8B90E26FC962700F4590F /* AnimalSounds.xcdatamodeld in Sources */ = {isa = PBXBuildFile; fileRef = FAC8B90C26FC962700F4590F /* AnimalSounds.xcdatamodeld */; };
		FAC8B91026FC962B00F4590F /* Assets.xcassets in Resources */ = {isa = PBXBuildFile; fileRef = FAC8B90F26FC962B00F4590F /* Assets.xcassets */; };
		FAC8B91326FC962B00F4590F /* LaunchScreen.storyboard in Resources */ = {isa = PBXBuildFile; fileRef = FAC8B91126FC962B00F4590F /* LaunchScreen.storyboard */; };
		FAC8B91626FC962B00F4590F /* main.m in Sources */ = {isa = PBXBuildFile; fileRef = FAC8B91526FC962B00F4590F /* main.m */; };
		FAC8B92026FC962B00F4590F /* AnimalSoundsTests.m in Sources */ = {isa = PBXBuildFile; fileRef = FAC8B91F26FC962B00F4590F /* AnimalSoundsTests.m */; };
		FAC8B92A26FC962B00F4590F /* AnimalSoundsUITests.m in Sources */ = {isa = PBXBuildFile; fileRef = FAC8B92926FC962B00F4590F /* AnimalSoundsUITests.m */; };
		FAC8B92C26FC962B00F4590F /* AnimalSoundsUITestsLaunchTests.m in Sources */ = {isa = PBXBuildFile; fileRef = FAC8B92B26FC962B00F4590F /* AnimalSoundsUITestsLaunchTests.m */; };
		FAC8B93E26FC96B900F4590F /* Horse.mp3 in Resources */ = {isa = PBXBuildFile; fileRef = FAC8B93826FC96B900F4590F /* Horse.mp3 */; };
		FAC8B93F26FC96B900F4590F /* Horse.mp3 in Resources */ = {isa = PBXBuildFile; fileRef = FAC8B93826FC96B900F4590F /* Horse.mp3 */; };
		FAC8B94026FC96B900F4590F /* Horse.mp3 in Resources */ = {isa = PBXBuildFile; fileRef = FAC8B93826FC96B900F4590F /* Horse.mp3 */; };
		FAC8B94126FC96B900F4590F /* Cat.wav in Resources */ = {isa = PBXBuildFile; fileRef = FAC8B93926FC96B900F4590F /* Cat.wav */; };
		FAC8B94226FC96B900F4590F /* Cat.wav in Resources */ = {isa = PBXBuildFile; fileRef = FAC8B93926FC96B900F4590F /* Cat.wav */; };
		FAC8B94326FC96B900F4590F /* Cat.wav in Resources */ = {isa = PBXBuildFile; fileRef = FAC8B93926FC96B900F4590F /* Cat.wav */; };
		FAC8B94426FC96B900F4590F /* Pig.wav in Resources */ = {isa = PBXBuildFile; fileRef = FAC8B93A26FC96B900F4590F /* Pig.wav */; };
		FAC8B94526FC96B900F4590F /* Pig.wav in Resources */ = {isa = PBXBuildFile; fileRef = FAC8B93A26FC96B900F4590F /* Pig.wav */; };
		FAC8B94626FC96B900F4590F /* Pig.wav in Resources */ = {isa = PBXBuildFile; fileRef = FAC8B93A26FC96B900F4590F /* Pig.wav */; };
		FAC8B94726FC96B900F4590F /* Sheep.wav in Resources */ = {isa = PBXBuildFile; fileRef = FAC8B93B26FC96B900F4590F /* Sheep.wav */; };
		FAC8B94826FC96B900F4590F /* Sheep.wav in Resources */ = {isa = PBXBuildFile; fileRef = FAC8B93B26FC96B900F4590F /* Sheep.wav */; };
		FAC8B94926FC96B900F4590F /* Sheep.wav in Resources */ = {isa = PBXBuildFile; fileRef = FAC8B93B26FC96B900F4590F /* Sheep.wav */; };
		FAC8B94A26FC96B900F4590F /* Dog.wav in Resources */ = {isa = PBXBuildFile; fileRef = FAC8B93C26FC96B900F4590F /* Dog.wav */; };
		FAC8B94B26FC96B900F4590F /* Dog.wav in Resources */ = {isa = PBXBuildFile; fileRef = FAC8B93C26FC96B900F4590F /* Dog.wav */; };
		FAC8B94C26FC96B900F4590F /* Dog.wav in Resources */ = {isa = PBXBuildFile; fileRef = FAC8B93C26FC96B900F4590F /* Dog.wav */; };
		FAC8B94D26FC96B900F4590F /* Frog.wav in Resources */ = {isa = PBXBuildFile; fileRef = FAC8B93D26FC96B900F4590F /* Frog.wav */; };
		FAC8B94E26FC96B900F4590F /* Frog.wav in Resources */ = {isa = PBXBuildFile; fileRef = FAC8B93D26FC96B900F4590F /* Frog.wav */; };
		FAC8B94F26FC96B900F4590F /* Frog.wav in Resources */ = {isa = PBXBuildFile; fileRef = FAC8B93D26FC96B900F4590F /* Frog.wav */; };
		FAC8B95226FCA27E00F4590F /* AudioToolbox.framework in Frameworks */ = {isa = PBXBuildFile; fileRef = FAC8B95126FCA27E00F4590F /* AudioToolbox.framework */; };
/* End PBXBuildFile section */

/* Begin PBXContainerItemProxy section */
		FAC8B91C26FC962B00F4590F /* PBXContainerItemProxy */ = {
			isa = PBXContainerItemProxy;
			containerPortal = FAC8B8F526FC962700F4590F /* Project object */;
			proxyType = 1;
			remoteGlobalIDString = FAC8B8FC26FC962700F4590F;
			remoteInfo = AnimalSounds;
		};
		FAC8B92626FC962B00F4590F /* PBXContainerItemProxy */ = {
			isa = PBXContainerItemProxy;
			containerPortal = FAC8B8F526FC962700F4590F /* Project object */;
			proxyType = 1;
			remoteGlobalIDString = FAC8B8FC26FC962700F4590F;
			remoteInfo = AnimalSounds;
		};
/* End PBXContainerItemProxy section */

/* Begin PBXFileReference section */
		FAC8B8FD26FC962700F4590F /* AnimalSounds.app */ = {isa = PBXFileReference; explicitFileType = wrapper.application; includeInIndex = 0; path = AnimalSounds.app; sourceTree = BUILT_PRODUCTS_DIR; };
		FAC8B90026FC962700F4590F /* AppDelegate.h */ = {isa = PBXFileReference; lastKnownFileType = sourcecode.c.h; path = AppDelegate.h; sourceTree = "<group>"; };
		FAC8B90126FC962700F4590F /* AppDelegate.m */ = {isa = PBXFileReference; lastKnownFileType = sourcecode.c.objc; path = AppDelegate.m; sourceTree = "<group>"; };
		FAC8B90326FC962700F4590F /* SceneDelegate.h */ = {isa = PBXFileReference; lastKnownFileType = sourcecode.c.h; path = SceneDelegate.h; sourceTree = "<group>"; };
		FAC8B90426FC962700F4590F /* SceneDelegate.m */ = {isa = PBXFileReference; lastKnownFileType = sourcecode.c.objc; path = SceneDelegate.m; sourceTree = "<group>"; };
		FAC8B90626FC962700F4590F /* ViewController.h */ = {isa = PBXFileReference; lastKnownFileType = sourcecode.c.h; path = ViewController.h; sourceTree = "<group>"; };
		FAC8B90726FC962700F4590F /* ViewController.m */ = {isa = PBXFileReference; lastKnownFileType = sourcecode.c.objc; path = ViewController.m; sourceTree = "<group>"; };
		FAC8B90A26FC962700F4590F /* Base */ = {isa = PBXFileReference; lastKnownFileType = file.storyboard; name = Base; path = Base.lproj/Main.storyboard; sourceTree = "<group>"; };
		FAC8B90D26FC962700F4590F /* AnimalSounds.xcdatamodel */ = {isa = PBXFileReference; lastKnownFileType = wrapper.xcdatamodel; path = AnimalSounds.xcdatamodel; sourceTree = "<group>"; };
		FAC8B90F26FC962B00F4590F /* Assets.xcassets */ = {isa = PBXFileReference; lastKnownFileType = folder.assetcatalog; path = Assets.xcassets; sourceTree = "<group>"; };
		FAC8B91226FC962B00F4590F /* Base */ = {isa = PBXFileReference; lastKnownFileType = file.storyboard; name = Base; path = Base.lproj/LaunchScreen.storyboard; sourceTree = "<group>"; };
		FAC8B91426FC962B00F4590F /* Info.plist */ = {isa = PBXFileReference; lastKnownFileType = text.plist.xml; path = Info.plist; sourceTree = "<group>"; };
		FAC8B91526FC962B00F4590F /* main.m */ = {isa = PBXFileReference; lastKnownFileType = sourcecode.c.objc; path = main.m; sourceTree = "<group>"; };
		FAC8B91B26FC962B00F4590F /* AnimalSoundsTests.xctest */ = {isa = PBXFileReference; explicitFileType = wrapper.cfbundle; includeInIndex = 0; path = AnimalSoundsTests.xctest; sourceTree = BUILT_PRODUCTS_DIR; };
		FAC8B91F26FC962B00F4590F /* AnimalSoundsTests.m */ = {isa = PBXFileReference; lastKnownFileType = sourcecode.c.objc; path = AnimalSoundsTests.m; sourceTree = "<group>"; };
		FAC8B92526FC962B00F4590F /* AnimalSoundsUITests.xctest */ = {isa = PBXFileReference; explicitFileType = wrapper.cfbundle; includeInIndex = 0; path = AnimalSoundsUITests.xctest; sourceTree = BUILT_PRODUCTS_DIR; };
		FAC8B92926FC962B00F4590F /* AnimalSoundsUITests.m */ = {isa = PBXFileReference; lastKnownFileType = sourcecode.c.objc; path = AnimalSoundsUITests.m; sourceTree = "<group>"; };
		FAC8B92B26FC962B00F4590F /* AnimalSoundsUITestsLaunchTests.m */ = {isa = PBXFileReference; lastKnownFileType = sourcecode.c.objc; path = AnimalSoundsUITestsLaunchTests.m; sourceTree = "<group>"; };
		FAC8B93826FC96B900F4590F /* Horse.mp3 */ = {isa = PBXFileReference; lastKnownFileType = audio.mp3; path = Horse.mp3; sourceTree = "<group>"; };
		FAC8B93926FC96B900F4590F /* Cat.wav */ = {isa = PBXFileReference; lastKnownFileType = audio.wav; path = Cat.wav; sourceTree = "<group>"; };
		FAC8B93A26FC96B900F4590F /* Pig.wav */ = {isa = PBXFileReference; lastKnownFileType = audio.wav; path = Pig.wav; sourceTree = "<group>"; };
		FAC8B93B26FC96B900F4590F /* Sheep.wav */ = {isa = PBXFileReference; lastKnownFileType = audio.wav; path = Sheep.wav; sourceTree = "<group>"; };
		FAC8B93C26FC96B900F4590F /* Dog.wav */ = {isa = PBXFileReference; lastKnownFileType = audio.wav; path = Dog.wav; sourceTree = "<group>"; };
		FAC8B93D26FC96B900F4590F /* Frog.wav */ = {isa = PBXFileReference; lastKnownFileType = audio.wav; path = Frog.wav; sourceTree = "<group>"; };
		FAC8B95126FCA27E00F4590F /* AudioToolbox.framework */ = {isa = PBXFileReference; lastKnownFileType = wrapper.framework; name = AudioToolbox.framework; path = System/Library/Frameworks/AudioToolbox.framework; sourceTree = SDKROOT; };
/* End PBXFileReference section */

/* Begin PBXFrameworksBuildPhase section */
		FAC8B8FA26FC962700F4590F /* Frameworks */ = {
			isa = PBXFrameworksBuildPhase;
			buildActionMask = 2147483647;
			files = (
				FAC8B95226FCA27E00F4590F /* AudioToolbox.framework in Frameworks */,
			);
			runOnlyForDeploymentPostprocessing = 0;
		};
		FAC8B91826FC962B00F4590F /* Frameworks */ = {
			isa = PBXFrameworksBuildPhase;
			buildActionMask = 2147483647;
			files = (
			);
			runOnlyForDeploymentPostprocessing = 0;
		};
		FAC8B92226FC962B00F4590F /* Frameworks */ = {
			isa = PBXFrameworksBuildPhase;
			buildActionMask = 2147483647;
			files = (
			);
			runOnlyForDeploymentPostprocessing = 0;
		};
/* End PBXFrameworksBuildPhase section */

/* Begin PBXGroup section */
		FAC8B8F426FC962700F4590F = {
			isa = PBXGroup;
			children = (
				FAC8B8FF26FC962700F4590F /* AnimalSounds */,
				FAC8B91E26FC962B00F4590F /* AnimalSoundsTests */,
				FAC8B92826FC962B00F4590F /* AnimalSoundsUITests */,
				FAC8B8FE26FC962700F4590F /* Products */,
				FAC8B95026FCA27D00F4590F /* Frameworks */,
			);
			sourceTree = "<group>";
		};
		FAC8B8FE26FC962700F4590F /* Products */ = {
			isa = PBXGroup;
			children = (
				FAC8B8FD26FC962700F4590F /* AnimalSounds.app */,
				FAC8B91B26FC962B00F4590F /* AnimalSoundsTests.xctest */,
				FAC8B92526FC962B00F4590F /* AnimalSoundsUITests.xctest */,
			);
			name = Products;
			sourceTree = "<group>";
		};
		FAC8B8FF26FC962700F4590F /* AnimalSounds */ = {
			isa = PBXGroup;
			children = (
				FAC8B90026FC962700F4590F /* AppDelegate.h */,
				FAC8B90126FC962700F4590F /* AppDelegate.m */,
				FAC8B90326FC962700F4590F /* SceneDelegate.h */,
				FAC8B90426FC962700F4590F /* SceneDelegate.m */,
				FAC8B90626FC962700F4590F /* ViewController.h */,
				FAC8B90726FC962700F4590F /* ViewController.m */,
				FAC8B90926FC962700F4590F /* Main.storyboard */,
				FAC8B93926FC96B900F4590F /* Cat.wav */,
				FAC8B93C26FC96B900F4590F /* Dog.wav */,
				FAC8B93D26FC96B900F4590F /* Frog.wav */,
				FAC8B93826FC96B900F4590F /* Horse.mp3 */,
				FAC8B93A26FC96B900F4590F /* Pig.wav */,
				FAC8B93B26FC96B900F4590F /* Sheep.wav */,
				FAC8B90F26FC962B00F4590F /* Assets.xcassets */,
				FAC8B91126FC962B00F4590F /* LaunchScreen.storyboard */,
				FAC8B91426FC962B00F4590F /* Info.plist */,
				FAC8B91526FC962B00F4590F /* main.m */,
				FAC8B90C26FC962700F4590F /* AnimalSounds.xcdatamodeld */,
			);
			path = AnimalSounds;
			sourceTree = "<group>";
		};
		FAC8B91E26FC962B00F4590F /* AnimalSoundsTests */ = {
			isa = PBXGroup;
			children = (
				FAC8B91F26FC962B00F4590F /* AnimalSoundsTests.m */,
			);
			path = AnimalSoundsTests;
			sourceTree = "<group>";
		};
		FAC8B92826FC962B00F4590F /* AnimalSoundsUITests */ = {
			isa = PBXGroup;
			children = (
				FAC8B92926FC962B00F4590F /* AnimalSoundsUITests.m */,
				FAC8B92B26FC962B00F4590F /* AnimalSoundsUITestsLaunchTests.m */,
			);
			path = AnimalSoundsUITests;
			sourceTree = "<group>";
		};
		FAC8B95026FCA27D00F4590F /* Frameworks */ = {
			isa = PBXGroup;
			children = (
				FAC8B95126FCA27E00F4590F /* AudioToolbox.framework */,
			);
			name = Frameworks;
			sourceTree = "<group>";
		};
/* End PBXGroup section */

/* Begin PBXNativeTarget section */
		FAC8B8FC26FC962700F4590F /* AnimalSounds */ = {
			isa = PBXNativeTarget;
			buildConfigurationList = FAC8B92F26FC962B00F4590F /* Build configuration list for PBXNativeTarget "AnimalSounds" */;
			buildPhases = (
				FAC8B8F926FC962700F4590F /* Sources */,
				FAC8B8FA26FC962700F4590F /* Frameworks */,
				FAC8B8FB26FC962700F4590F /* Resources */,
			);
			buildRules = (
			);
			dependencies = (
			);
			name = AnimalSounds;
			productName = AnimalSounds;
			productReference = FAC8B8FD26FC962700F4590F /* AnimalSounds.app */;
			productType = "com.apple.product-type.application";
		};
		FAC8B91A26FC962B00F4590F /* AnimalSoundsTests */ = {
			isa = PBXNativeTarget;
			buildConfigurationList = FAC8B93226FC962B00F4590F /* Build configuration list for PBXNativeTarget "AnimalSoundsTests" */;
			buildPhases = (
				FAC8B91726FC962B00F4590F /* Sources */,
				FAC8B91826FC962B00F4590F /* Frameworks */,
				FAC8B91926FC962B00F4590F /* Resources */,
			);
			buildRules = (
			);
			dependencies = (
				FAC8B91D26FC962B00F4590F /* PBXTargetDependency */,
			);
			name = AnimalSoundsTests;
			productName = AnimalSoundsTests;
			productReference = FAC8B91B26FC962B00F4590F /* AnimalSoundsTests.xctest */;
			productType = "com.apple.product-type.bundle.unit-test";
		};
		FAC8B92426FC962B00F4590F /* AnimalSoundsUITests */ = {
			isa = PBXNativeTarget;
			buildConfigurationList = FAC8B93526FC962B00F4590F /* Build configuration list for PBXNativeTarget "AnimalSoundsUITests" */;
			buildPhases = (
				FAC8B92126FC962B00F4590F /* Sources */,
				FAC8B92226FC962B00F4590F /* Frameworks */,
				FAC8B92326FC962B00F4590F /* Resources */,
			);
			buildRules = (
			);
			dependencies = (
				FAC8B92726FC962B00F4590F /* PBXTargetDependency */,
			);
			name = AnimalSoundsUITests;
			productName = AnimalSoundsUITests;
			productReference = FAC8B92526FC962B00F4590F /* AnimalSoundsUITests.xctest */;
			productType = "com.apple.product-type.bundle.ui-testing";
		};
/* End PBXNativeTarget section */

/* Begin PBXProject section */
		FAC8B8F526FC962700F4590F /* Project object */ = {
			isa = PBXProject;
			attributes = {
				BuildIndependentTargetsInParallel = 1;
				LastUpgradeCheck = 1300;
				TargetAttributes = {
					FAC8B8FC26FC962700F4590F = {
						CreatedOnToolsVersion = 13.0;
					};
					FAC8B91A26FC962B00F4590F = {
						CreatedOnToolsVersion = 13.0;
						TestTargetID = FAC8B8FC26FC962700F4590F;
					};
					FAC8B92426FC962B00F4590F = {
						CreatedOnToolsVersion = 13.0;
						TestTargetID = FAC8B8FC26FC962700F4590F;
					};
				};
			};
			buildConfigurationList = FAC8B8F826FC962700F4590F /* Build configuration list for PBXProject "AnimalSounds" */;
			compatibilityVersion = "Xcode 13.0";
			developmentRegion = en;
			hasScannedForEncodings = 0;
			knownRegions = (
				en,
				Base,
			);
			mainGroup = FAC8B8F426FC962700F4590F;
			productRefGroup = FAC8B8FE26FC962700F4590F /* Products */;
			projectDirPath = "";
			projectRoot = "";
			targets = (
				FAC8B8FC26FC962700F4590F /* AnimalSounds */,
				FAC8B91A26FC962B00F4590F /* AnimalSoundsTests */,
				FAC8B92426FC962B00F4590F /* AnimalSoundsUITests */,
			);
		};
/* End PBXProject section */

/* Begin PBXResourcesBuildPhase section */
		FAC8B8FB26FC962700F4590F /* Resources */ = {
			isa = PBXResourcesBuildPhase;
			buildActionMask = 2147483647;
			files = (
				FAC8B93E26FC96B900F4590F /* Horse.mp3 in Resources */,
				FAC8B94126FC96B900F4590F /* Cat.wav in Resources */,
				FAC8B91326FC962B00F4590F /* LaunchScreen.storyboard in Resources */,
				FAC8B94426FC96B900F4590F /* Pig.wav in Resources */,
				FAC8B94D26FC96B900F4590F /* Frog.wav in Resources */,
				FAC8B91026FC962B00F4590F /* Assets.xcassets in Resources */,
				FAC8B94A26FC96B900F4590F /* Dog.wav in Resources */,
				FAC8B90B26FC962700F4590F /* Main.storyboard in Resources */,
				FAC8B94726FC96B900F4590F /* Sheep.wav in Resources */,
			);
			runOnlyForDeploymentPostprocessing = 0;
		};
		FAC8B91926FC962B00F4590F /* Resources */ = {
			isa = PBXResourcesBuildPhase;
			buildActionMask = 2147483647;
			files = (
				FAC8B94526FC96B900F4590F /* Pig.wav in Resources */,
				FAC8B93F26FC96B900F4590F /* Horse.mp3 in Resources */,
				FAC8B94B26FC96B900F4590F /* Dog.wav in Resources */,
				FAC8B94826FC96B900F4590F /* Sheep.wav in Resources */,
				FAC8B94E26FC96B900F4590F /* Frog.wav in Resources */,
				FAC8B94226FC96B900F4590F /* Cat.wav in Resources */,
			);
			runOnlyForDeploymentPostprocessing = 0;
		};
		FAC8B92326FC962B00F4590F /* Resources */ = {
			isa = PBXResourcesBuildPhase;
			buildActionMask = 2147483647;
			files = (
				FAC8B94626FC96B900F4590F /* Pig.wav in Resources */,
				FAC8B94026FC96B900F4590F /* Horse.mp3 in Resources */,
				FAC8B94C26FC96B900F4590F /* Dog.wav in Resources */,
				FAC8B94926FC96B900F4590F /* Sheep.wav in Resources */,
				FAC8B94F26FC96B900F4590F /* Frog.wav in Resources */,
				FAC8B94326FC96B900F4590F /* Cat.wav in Resources */,
			);
			runOnlyForDeploymentPostprocessing = 0;
		};
/* End PBXResourcesBuildPhase section */

/* Begin PBXSourcesBuildPhase section */
		FAC8B8F926FC962700F4590F /* Sources */ = {
			isa = PBXSourcesBuildPhase;
			buildActionMask = 2147483647;
			files = (
				FAC8B91626FC962B00F4590F /* main.m in Sources */,
				FAC8B90826FC962700F4590F /* ViewController.m in Sources */,
				FAC8B90226FC962700F4590F /* AppDelegate.m in Sources */,
				FAC8B90526FC962700F4590F /* SceneDelegate.m in Sources */,
				FAC8B90E26FC962700F4590F /* AnimalSounds.xcdatamodeld in Sources */,
			);
			runOnlyForDeploymentPostprocessing = 0;
		};
		FAC8B91726FC962B00F4590F /* Sources */ = {
			isa = PBXSourcesBuildPhase;
			buildActionMask = 2147483647;
			files = (
				FAC8B92026FC962B00F4590F /* AnimalSoundsTests.m in Sources */,
			);
			runOnlyForDeploymentPostprocessing = 0;
		};
		FAC8B92126FC962B00F4590F /* Sources */ = {
			isa = PBXSourcesBuildPhase;
			buildActionMask = 2147483647;
			files = (
				FAC8B92C26FC962B00F4590F /* AnimalSoundsUITestsLaunchTests.m in Sources */,
				FAC8B92A26FC962B00F4590F /* AnimalSoundsUITests.m in Sources */,
			);
			runOnlyForDeploymentPostprocessing = 0;
		};
/* End PBXSourcesBuildPhase section */

/* Begin PBXTargetDependency section */
		FAC8B91D26FC962B00F4590F /* PBXTargetDependency */ = {
			isa = PBXTargetDependency;
			target = FAC8B8FC26FC962700F4590F /* AnimalSounds */;
			targetProxy = FAC8B91C26FC962B00F4590F /* PBXContainerItemProxy */;
		};
		FAC8B92726FC962B00F4590F /* PBXTargetDependency */ = {
			isa = PBXTargetDependency;
			target = FAC8B8FC26FC962700F4590F /* AnimalSounds */;
			targetProxy = FAC8B92626FC962B00F4590F /* PBXContainerItemProxy */;
		};
/* End PBXTargetDependency section */

/* Begin PBXVariantGroup section */
		FAC8B90926FC962700F4590F /* Main.storyboard */ = {
			isa = PBXVariantGroup;
			children = (
				FAC8B90A26FC962700F4590F /* Base */,
			);
			name = Main.storyboard;
			sourceTree = "<group>";
		};
		FAC8B91126FC962B00F4590F /* LaunchScreen.storyboard */ = {
			isa = PBXVariantGroup;
			children = (
				FAC8B91226FC962B00F4590F /* Base */,
			);
			name = LaunchScreen.storyboard;
			sourceTree = "<group>";
		};
/* End PBXVariantGroup section */

/* Begin XCBuildConfiguration section */
		FAC8B92D26FC962B00F4590F /* Debug */ = {
			isa = XCBuildConfiguration;
			buildSettings = {
				ALWAYS_SEARCH_USER_PATHS = NO;
				CLANG_ANALYZER_NONNULL = YES;
				CLANG_ANALYZER_NUMBER_OBJECT_CONVERSION = YES_AGGRESSIVE;
				CLANG_CXX_LANGUAGE_STANDARD = "gnu++17";
				CLANG_CXX_LIBRARY = "libc++";
				CLANG_ENABLE_MODULES = YES;
				CLANG_ENABLE_OBJC_ARC = YES;
				CLANG_ENABLE_OBJC_WEAK = YES;
				CLANG_WARN_BLOCK_CAPTURE_AUTORELEASING = YES;
				CLANG_WARN_BOOL_CONVERSION = YES;
				CLANG_WARN_COMMA = YES;
				CLANG_WARN_CONSTANT_CONVERSION = YES;
				CLANG_WARN_DEPRECATED_OBJC_IMPLEMENTATIONS = YES;
				CLANG_WARN_DIRECT_OBJC_ISA_USAGE = YES_ERROR;
				CLANG_WARN_DOCUMENTATION_COMMENTS = YES;
				CLANG_WARN_EMPTY_BODY = YES;
				CLANG_WARN_ENUM_CONVERSION = YES;
				CLANG_WARN_INFINITE_RECURSION = YES;
				CLANG_WARN_INT_CONVERSION = YES;
				CLANG_WARN_NON_LITERAL_NULL_CONVERSION = YES;
				CLANG_WARN_OBJC_IMPLICIT_RETAIN_SELF = YES;
				CLANG_WARN_OBJC_LITERAL_CONVERSION = YES;
				CLANG_WARN_OBJC_ROOT_CLASS = YES_ERROR;
				CLANG_WARN_QUOTED_INCLUDE_IN_FRAMEWORK_HEADER = YES;
				CLANG_WARN_RANGE_LOOP_ANALYSIS = YES;
				CLANG_WARN_STRICT_PROTOTYPES = YES;
				CLANG_WARN_SUSPICIOUS_MOVE = YES;
				CLANG_WARN_UNGUARDED_AVAILABILITY = YES_AGGRESSIVE;
				CLANG_WARN_UNREACHABLE_CODE = YES;
				CLANG_WARN__DUPLICATE_METHOD_MATCH = YES;
				COPY_PHASE_STRIP = NO;
				DEBUG_INFORMATION_FORMAT = dwarf;
				ENABLE_STRICT_OBJC_MSGSEND = YES;
				ENABLE_TESTABILITY = YES;
				GCC_C_LANGUAGE_STANDARD = gnu11;
				GCC_DYNAMIC_NO_PIC = NO;
				GCC_NO_COMMON_BLOCKS = YES;
				GCC_OPTIMIZATION_LEVEL = 0;
				GCC_PREPROCESSOR_DEFINITIONS = (
					"DEBUG=1",
					"$(inherited)",
				);
				GCC_WARN_64_TO_32_BIT_CONVERSION = YES;
				GCC_WARN_ABOUT_RETURN_TYPE = YES_ERROR;
				GCC_WARN_UNDECLARED_SELECTOR = YES;
				GCC_WARN_UNINITIALIZED_AUTOS = YES_AGGRESSIVE;
				GCC_WARN_UNUSED_FUNCTION = YES;
				GCC_WARN_UNUSED_VARIABLE = YES;
				IPHONEOS_DEPLOYMENT_TARGET = 15.0;
				MTL_ENABLE_DEBUG_INFO = INCLUDE_SOURCE;
				MTL_FAST_MATH = YES;
				ONLY_ACTIVE_ARCH = YES;
				SDKROOT = iphoneos;
			};
			name = Debug;
		};
		FAC8B92E26FC962B00F4590F /* Release */ = {
			isa = XCBuildConfiguration;
			buildSettings = {
				ALWAYS_SEARCH_USER_PATHS = NO;
				CLANG_ANALYZER_NONNULL = YES;
				CLANG_ANALYZER_NUMBER_OBJECT_CONVERSION = YES_AGGRESSIVE;
				CLANG_CXX_LANGUAGE_STANDARD = "gnu++17";
				CLANG_CXX_LIBRARY = "libc++";
				CLANG_ENABLE_MODULES = YES;
				CLANG_ENABLE_OBJC_ARC = YES;
				CLANG_ENABLE_OBJC_WEAK = YES;
				CLANG_WARN_BLOCK_CAPTURE_AUTORELEASING = YES;
				CLANG_WARN_BOOL_CONVERSION = YES;
				CLANG_WARN_COMMA = YES;
				CLANG_WARN_CONSTANT_CONVERSION = YES;
				CLANG_WARN_DEPRECATED_OBJC_IMPLEMENTATIONS = YES;
				CLANG_WARN_DIRECT_OBJC_ISA_USAGE = YES_ERROR;
				CLANG_WARN_DOCUMENTATION_COMMENTS = YES;
				CLANG_WARN_EMPTY_BODY = YES;
				CLANG_WARN_ENUM_CONVERSION = YES;
				CLANG_WARN_INFINITE_RECURSION = YES;
				CLANG_WARN_INT_CONVERSION = YES;
				CLANG_WARN_NON_LITERAL_NULL_CONVERSION = YES;
				CLANG_WARN_OBJC_IMPLICIT_RETAIN_SELF = YES;
				CLANG_WARN_OBJC_LITERAL_CONVERSION = YES;
				CLANG_WARN_OBJC_ROOT_CLASS = YES_ERROR;
				CLANG_WARN_QUOTED_INCLUDE_IN_FRAMEWORK_HEADER = YES;
				CLANG_WARN_RANGE_LOOP_ANALYSIS = YES;
				CLANG_WARN_STRICT_PROTOTYPES = YES;
				CLANG_WARN_SUSPICIOUS_MOVE = YES;
				CLANG_WARN_UNGUARDED_AVAILABILITY = YES_AGGRESSIVE;
				CLANG_WARN_UNREACHABLE_CODE = YES;
				CLANG_WARN__DUPLICATE_METHOD_MATCH = YES;
				COPY_PHASE_STRIP = NO;
				DEBUG_INFORMATION_FORMAT = "dwarf-with-dsym";
				ENABLE_NS_ASSERTIONS = NO;
				ENABLE_STRICT_OBJC_MSGSEND = YES;
				GCC_C_LANGUAGE_STANDARD = gnu11;
				GCC_NO_COMMON_BLOCKS = YES;
				GCC_WARN_64_TO_32_BIT_CONVERSION = YES;
				GCC_WARN_ABOUT_RETURN_TYPE = YES_ERROR;
				GCC_WARN_UNDECLARED_SELECTOR = YES;
				GCC_WARN_UNINITIALIZED_AUTOS = YES_AGGRESSIVE;
				GCC_WARN_UNUSED_FUNCTION = YES;
				GCC_WARN_UNUSED_VARIABLE = YES;
				IPHONEOS_DEPLOYMENT_TARGET = 15.0;
				MTL_ENABLE_DEBUG_INFO = NO;
				MTL_FAST_MATH = YES;
				SDKROOT = iphoneos;
				VALIDATE_PRODUCT = YES;
			};
			name = Release;
		};
		FAC8B93026FC962B00F4590F /* Debug */ = {
			isa = XCBuildConfiguration;
			buildSettings = {
				ASSETCATALOG_COMPILER_APPICON_NAME = AppIcon;
				ASSETCATALOG_COMPILER_GLOBAL_ACCENT_COLOR_NAME = AccentColor;
				CODE_SIGN_STYLE = Automatic;
				CURRENT_PROJECT_VERSION = 1;
				GENERATE_INFOPLIST_FILE = YES;
				INFOPLIST_FILE = AnimalSounds/Info.plist;
				INFOPLIST_KEY_UIApplicationSupportsIndirectInputEvents = YES;
				INFOPLIST_KEY_UILaunchStoryboardName = LaunchScreen;
				INFOPLIST_KEY_UIMainStoryboardFile = Main;
				INFOPLIST_KEY_UISupportedInterfaceOrientations_iPad = "UIInterfaceOrientationPortrait UIInterfaceOrientationPortraitUpsideDown UIInterfaceOrientationLandscapeLeft UIInterfaceOrientationLandscapeRight";
				INFOPLIST_KEY_UISupportedInterfaceOrientations_iPhone = "UIInterfaceOrientationPortrait UIInterfaceOrientationLandscapeLeft UIInterfaceOrientationLandscapeRight";
				LD_RUNPATH_SEARCH_PATHS = (
					"$(inherited)",
					"@executable_path/Frameworks",
				);
				MARKETING_VERSION = 1.0;
				PRODUCT_BUNDLE_IDENTIFIER = mustafakilinc.AnimalSounds;
				PRODUCT_NAME = "$(TARGET_NAME)";
				SWIFT_EMIT_LOC_STRINGS = YES;
				TARGETED_DEVICE_FAMILY = "1,2";
			};
			name = Debug;
		};
		FAC8B93126FC962B00F4590F /* Release */ = {
			isa = XCBuildConfiguration;
			buildSettings = {
				ASSETCATALOG_COMPILER_APPICON_NAME = AppIcon;
				ASSETCATALOG_COMPILER_GLOBAL_ACCENT_COLOR_NAME = AccentColor;
				CODE_SIGN_STYLE = Automatic;
				CURRENT_PROJECT_VERSION = 1;
				GENERATE_INFOPLIST_FILE = YES;
				INFOPLIST_FILE = AnimalSounds/Info.plist;
				INFOPLIST_KEY_UIApplicationSupportsIndirectInputEvents = YES;
				INFOPLIST_KEY_UILaunchStoryboardName = LaunchScreen;
				INFOPLIST_KEY_UIMainStoryboardFile = Main;
				INFOPLIST_KEY_UISupportedInterfaceOrientations_iPad = "UIInterfaceOrientationPortrait UIInterfaceOrientationPortraitUpsideDown UIInterfaceOrientationLandscapeLeft UIInterfaceOrientationLandscapeRight";
				INFOPLIST_KEY_UISupportedInterfaceOrientations_iPhone = "UIInterfaceOrientationPortrait UIInterfaceOrientationLandscapeLeft UIInterfaceOrientationLandscapeRight";
				LD_RUNPATH_SEARCH_PATHS = (
					"$(inherited)",
					"@executable_path/Frameworks",
				);
				MARKETING_VERSION = 1.0;
				PRODUCT_BUNDLE_IDENTIFIER = mustafakilinc.AnimalSounds;
				PRODUCT_NAME = "$(TARGET_NAME)";
				SWIFT_EMIT_LOC_STRINGS = YES;
				TARGETED_DEVICE_FAMILY = "1,2";
			};
			name = Release;
		};
		FAC8B93326FC962B00F4590F /* Debug */ = {
			isa = XCBuildConfiguration;
			buildSettings = {
				BUNDLE_LOADER = "$(TEST_HOST)";
				CODE_SIGN_STYLE = Automatic;
				CURRENT_PROJECT_VERSION = 1;
				GENERATE_INFOPLIST_FILE = YES;
				IPHONEOS_DEPLOYMENT_TARGET = 15.0;
				LD_RUNPATH_SEARCH_PATHS = (
					"$(inherited)",
					"@executable_path/Frameworks",
					"@loader_path/Frameworks",
				);
				MARKETING_VERSION = 1.0;
				PRODUCT_BUNDLE_IDENTIFIER = mustafakilinc.AnimalSoundsTests;
				PRODUCT_NAME = "$(TARGET_NAME)";
				SWIFT_EMIT_LOC_STRINGS = NO;
				TARGETED_DEVICE_FAMILY = "1,2";
				TEST_HOST = "$(BUILT_PRODUCTS_DIR)/AnimalSounds.app/AnimalSounds";
			};
			name = Debug;
		};
		FAC8B93426FC962B00F4590F /* Release */ = {
			isa = XCBuildConfiguration;
			buildSettings = {
				BUNDLE_LOADER = "$(TEST_HOST)";
				CODE_SIGN_STYLE = Automatic;
				CURRENT_PROJECT_VERSION = 1;
				GENERATE_INFOPLIST_FILE = YES;
				IPHONEOS_DEPLOYMENT_TARGET = 15.0;
				LD_RUNPATH_SEARCH_PATHS = (
					"$(inherited)",
					"@executable_path/Frameworks",
					"@loader_path/Frameworks",
				);
				MARKETING_VERSION = 1.0;
				PRODUCT_BUNDLE_IDENTIFIER = mustafakilinc.AnimalSoundsTests;
				PRODUCT_NAME = "$(TARGET_NAME)";
				SWIFT_EMIT_LOC_STRINGS = NO;
				TARGETED_DEVICE_FAMILY = "1,2";
				TEST_HOST = "$(BUILT_PRODUCTS_DIR)/AnimalSounds.app/AnimalSounds";
			};
			name = Release;
		};
		FAC8B93626FC962B00F4590F /* Debug */ = {
			isa = XCBuildConfiguration;
			buildSettings = {
				CODE_SIGN_STYLE = Automatic;
				CURRENT_PROJECT_VERSION = 1;
				GENERATE_INFOPLIST_FILE = YES;
				LD_RUNPATH_SEARCH_PATHS = (
					"$(inherited)",
					"@executable_path/Frameworks",
					"@loader_path/Frameworks",
				);
				MARKETING_VERSION = 1.0;
				PRODUCT_BUNDLE_IDENTIFIER = mustafakilinc.AnimalSoundsUITests;
				PRODUCT_NAME = "$(TARGET_NAME)";
				SWIFT_EMIT_LOC_STRINGS = NO;
				TARGETED_DEVICE_FAMILY = "1,2";
				TEST_TARGET_NAME = AnimalSounds;
			};
			name = Debug;
		};
		FAC8B93726FC962B00F4590F /* Release */ = {
			isa = XCBuildConfiguration;
			buildSettings = {
				CODE_SIGN_STYLE = Automatic;
				CURRENT_PROJECT_VERSION = 1;
				GENERATE_INFOPLIST_FILE = YES;
				LD_RUNPATH_SEARCH_PATHS = (
					"$(inherited)",
					"@executable_path/Frameworks",
					"@loader_path/Frameworks",
				);
				MARKETING_VERSION = 1.0;
				PRODUCT_BUNDLE_IDENTIFIER = mustafakilinc.AnimalSoundsUITests;
				PRODUCT_NAME = "$(TARGET_NAME)";
				SWIFT_EMIT_LOC_STRINGS = NO;
				TARGETED_DEVICE_FAMILY = "1,2";
				TEST_TARGET_NAME = AnimalSounds;
			};
			name = Release;
		};
/* End XCBuildConfiguration section */

/* Begin XCConfigurationList section */
		FAC8B8F826FC962700F4590F /* Build configuration list for PBXProject "AnimalSounds" */ = {
			isa = XCConfigurationList;
			buildConfigurations = (
				FAC8B92D26FC962B00F4590F /* Debug */,
				FAC8B92E26FC962B00F4590F /* Release */,
			);
			defaultConfigurationIsVisible = 0;
			defaultConfigurationName = Release;
		};
		FAC8B92F26FC962B00F4590F /* Build configuration list for PBXNativeTarget "AnimalSounds" */ = {
			isa = XCConfigurationList;
			buildConfigurations = (
				FAC8B93026FC962B00F4590F /* Debug */,
				FAC8B93126FC962B00F4590F /* Release */,
			);
			defaultConfigurationIsVisible = 0;
			defaultConfigurationName = Release;
		};
		FAC8B93226FC962B00F4590F /* Build configuration list for PBXNativeTarget "AnimalSoundsTests" */ = {
			isa = XCConfigurationList;
			buildConfigurations = (
				FAC8B93326FC962B00F4590F /* Debug */,
				FAC8B93426FC962B00F4590F /* Release */,
			);
			defaultConfigurationIsVisible = 0;
			defaultConfigurationName = Release;
		};
		FAC8B93526FC962B00F4590F /* Build configuration list for PBXNativeTarget "AnimalSoundsUITests" */ = {
			isa = XCConfigurationList;
			buildConfigurations = (
				FAC8B93626FC962B00F4590F /* Debug */,
				FAC8B93726FC962B00F4590F /* Release */,
			);
			defaultConfigurationIsVisible = 0;
			defaultConfigurationName = Release;
		};
/* End XCConfigurationList section */

/* Begin XCVersionGroup section */
		FAC8B90C26FC962700F4590F /* AnimalSounds.xcdatamodeld */ = {
			isa = XCVersionGroup;
			children = (
				FAC8B90D26FC962700F4590F /* AnimalSounds.xcdatamodel */,
			);
			currentVersion = FAC8B90D26FC962700F4590F /* AnimalSounds.xcdatamodel */;
			path = AnimalSounds.xcdatamodeld;
			sourceTree = "<group>";
			versionGroupType = wrapper.xcdatamodel;
		};
/* End XCVersionGroup section */
	};
	rootObject = FAC8B8F526FC962700F4590F /* Project object */;
}
